
Microsoft Visual Studio Solution File, Format Version 12.00
# Visual Studio Version 16
VisualStudioVersion = 16.0.31229.75
MinimumVisualStudioVersion = 10.0.40219.1
Project("{FAE04EC0-301F-11D3-BF4B-00C04F79EFBC}") = "AddressBookSystem-LINQ", "AddressBookSystem-LINQ\AddressBookSystem-LINQ.csproj", "{5BED9B94-17BD-4DEB-B142-D5C72FFD7F47}"
EndProject
Global
	GlobalSection(SolutionConfigurationPlatforms) = preSolution
		Debug|Any CPU = Debug|Any CPU
		Release|Any CPU = Release|Any CPU
	EndGlobalSection
	GlobalSection(ProjectConfigurationPlatforms) = postSolution
		{5BED9B94-17BD-4DEB-B142-D5C72FFD7F47}.Debug|Any CPU.ActiveCfg = Debug|Any CPU
		{5BED9B94-17BD-4DEB-B142-D5C72FFD7F47}.Debug|Any CPU.Build.0 = Debug|Any CPU
		{5BED9B94-17BD-4DEB-B142-D5C72FFD7F47}.Release|Any CPU.ActiveCfg = Release|Any CPU
		{5BED9B94-17BD-4DEB-B142-D5C72FFD7F47}.Release|Any CPU.Build.0 = Release|Any CPU
	EndGlobalSection
	GlobalSection(SolutionProperties) = preSolution
		HideSolutionNode = FALSE
	EndGlobalSection
	GlobalSection(ExtensibilityGlobals) = postSolution
		SolutionGuid = {77DAA448-4DB2-4448-B652-77F6DFDEE116}
	EndGlobalSection
EndGlobal
